
Microsoft Visual Studio Solution File, Format Version 12.00
# Visual Studio Version 16
VisualStudioVersion = 16.0.31424.327
MinimumVisualStudioVersion = 10.0.40219.1
Project("{9A19103F-16F7-4668-BE54-9A1E7A4F7556}") = "EjercicioEvaluacionAgropecuaria", "EjercicioEvaluacionAgropecuaria\EjercicioEvaluacionAgropecuaria.csproj", "{4CAFE890-827E-43FF-B8AF-5746F05ACF25}"
EndProject
Project("{9A19103F-16F7-4668-BE54-9A1E7A4F7556}") = "EjercicioEvaluacionAgropecuariaML.Model", "EjercicioEvaluacionAgropecuariaML.Model\EjercicioEvaluacionAgropecuariaML.Model.csproj", "{4074CFF5-1323-465E-8BA1-AA80D417CD4E}"
EndProject
Project("{9A19103F-16F7-4668-BE54-9A1E7A4F7556}") = "EjercicioEvaluacionAgropecuariaML.ConsoleApp", "EjercicioEvaluacionAgropecuariaML.ConsoleApp\EjercicioEvaluacionAgropecuariaML.ConsoleApp.csproj", "{AFDFB485-43CE-45A2-A364-2C835C79C8FF}"
EndProject
Global
	GlobalSection(SolutionConfigurationPlatforms) = preSolution
		Debug|Any CPU = Debug|Any CPU
		Release|Any CPU = Release|Any CPU
	EndGlobalSection
	GlobalSection(ProjectConfigurationPlatforms) = postSolution
		{4CAFE890-827E-43FF-B8AF-5746F05ACF25}.Debug|Any CPU.ActiveCfg = Debug|Any CPU
		{4CAFE890-827E-43FF-B8AF-5746F05ACF25}.Debug|Any CPU.Build.0 = Debug|Any CPU
		{4CAFE890-827E-43FF-B8AF-5746F05ACF25}.Release|Any CPU.ActiveCfg = Release|Any CPU
		{4CAFE890-827E-43FF-B8AF-5746F05ACF25}.Release|Any CPU.Build.0 = Release|Any CPU
		{4074CFF5-1323-465E-8BA1-AA80D417CD4E}.Debug|Any CPU.ActiveCfg = Debug|Any CPU
		{4074CFF5-1323-465E-8BA1-AA80D417CD4E}.Debug|Any CPU.Build.0 = Debug|Any CPU
		{4074CFF5-1323-465E-8BA1-AA80D417CD4E}.Release|Any CPU.ActiveCfg = Release|Any CPU
		{4074CFF5-1323-465E-8BA1-AA80D417CD4E}.Release|Any CPU.Build.0 = Release|Any CPU
		{AFDFB485-43CE-45A2-A364-2C835C79C8FF}.Debug|Any CPU.ActiveCfg = Debug|Any CPU
		{AFDFB485-43CE-45A2-A364-2C835C79C8FF}.Debug|Any CPU.Build.0 = Debug|Any CPU
		{AFDFB485-43CE-45A2-A364-2C835C79C8FF}.Release|Any CPU.ActiveCfg = Release|Any CPU
		{AFDFB485-43CE-45A2-A364-2C835C79C8FF}.Release|Any CPU.Build.0 = Release|Any CPU
	EndGlobalSection
	GlobalSection(SolutionProperties) = preSolution
		HideSolutionNode = FALSE
	EndGlobalSection
	GlobalSection(ExtensibilityGlobals) = postSolution
		SolutionGuid = {8745A20D-C923-4285-AB93-CC46885F4F01}
	EndGlobalSection
EndGlobal
